{
  "version": "5",
  "specifiers": {
    "jsr:@std/assert@1": "1.0.19",
    "jsr:@std/internal@^1.0.12": "1.0.12"
  },
  "jsr": {
    "@std/assert@1.0.19": {
      "integrity": "eaada96ee120cb980bc47e040f82814d786fe8162ecc53c91d8df60b8755991e",
      "dependencies": [
        "jsr:@std/internal"
      ]
    },
    "@std/internal@1.0.12": {
      "integrity": "972a634fd5bc34b242024402972cd5143eac68d8dffaca5eaa4dba30ce17b027"
    }
  },
  "redirects": {
    "https://esm.sh/@supabase/phoenix@^0.4.2?target=denonext": "https://esm.sh/@supabase/phoenix@0.4.4?target=denonext",
    "https://esm.sh/@supabase/supabase-js@2": "https://esm.sh/@supabase/supabase-js@2.105.4",
    "https://esm.sh/iceberg-js@^0.8.1?target=denonext": "https://esm.sh/iceberg-js@0.8.1?target=denonext"
  },
  "remote": {
    "https://deno.land/std@0.224.0/assert/_constants.ts": "a271e8ef5a573f1df8e822a6eb9d09df064ad66a4390f21b3e31f820a38e0975",
    "https://deno.land/std@0.224.0/assert/assert.ts": "09d30564c09de846855b7b071e62b5974b001bb72a4b797958fe0660e7849834",
    "https://deno.land/std@0.224.0/assert/assert_almost_equals.ts": "9e416114322012c9a21fa68e187637ce2d7df25bcbdbfd957cd639e65d3cf293",
    "https://deno.land/std@0.224.0/assert/assert_array_includes.ts": "14c5094471bc8e4a7895fc6aa5a184300d8a1879606574cb1cd715ef36a4a3c7",
    "https://deno.land/std@0.224.0/assert/assert_equals.ts": "3bbca947d85b9d374a108687b1a8ba3785a7850436b5a8930d81f34a32cb8c74",
    "https://deno.land/std@0.224.0/assert/assert_exists.ts": "43420cf7f956748ae6ed1230646567b3593cb7a36c5a5327269279c870c5ddfd",
    "https://deno.land/std@0.224.0/assert/assert_false.ts": "3e9be8e33275db00d952e9acb0cd29481a44fa0a4af6d37239ff58d79e8edeff",
    "https://deno.land/std@0.224.0/assert/assert_greater.ts": "5e57b201fd51b64ced36c828e3dfd773412c1a6120c1a5a99066c9b261974e46",
    "https://deno.land/std@0.224.0/assert/assert_greater_or_equal.ts": "9870030f997a08361b6f63400273c2fb1856f5db86c0c3852aab2a002e425c5b",
    "https://deno.land/std@0.224.0/assert/assert_instance_of.ts": "e22343c1fdcacfaea8f37784ad782683ec1cf599ae9b1b618954e9c22f376f2c",
    "https://deno.land/std@0.224.0/assert/assert_is_error.ts": "f856b3bc978a7aa6a601f3fec6603491ab6255118afa6baa84b04426dd3cc491",
    "https://deno.land/std@0.224.0/assert/assert_less.ts": "60b61e13a1982865a72726a5fa86c24fad7eb27c3c08b13883fb68882b307f68",
    "https://deno.land/std@0.224.0/assert/assert_less_or_equal.ts": "d2c84e17faba4afe085e6c9123a63395accf4f9e00150db899c46e67420e0ec3",
    "https://deno.land/std@0.224.0/assert/assert_match.ts": "ace1710dd3b2811c391946954234b5da910c5665aed817943d086d4d4871a8b7",
    "https://deno.land/std@0.224.0/assert/assert_not_equals.ts": "78d45dd46133d76ce624b2c6c09392f6110f0df9b73f911d20208a68dee2ef29",
    "https://deno.land/std@0.224.0/assert/assert_not_instance_of.ts": "3434a669b4d20cdcc5359779301a0588f941ffdc2ad68803c31eabdb4890cf7a",
    "https://deno.land/std@0.224.0/assert/assert_not_match.ts": "df30417240aa2d35b1ea44df7e541991348a063d9ee823430e0b58079a72242a",
    "https://deno.land/std@0.224.0/assert/assert_not_strict_equals.ts": "37f73880bd672709373d6dc2c5f148691119bed161f3020fff3548a0496f71b8",
    "https://deno.land/std@0.224.0/assert/assert_object_match.ts": "411450fd194fdaabc0089ae68f916b545a49d7b7e6d0026e84a54c9e7eed2693",
    "https://deno.land/std@0.224.0/assert/assert_rejects.ts": "4bee1d6d565a5b623146a14668da8f9eb1f026a4f338bbf92b37e43e0aa53c31",
    "https://deno.land/std@0.224.0/assert/assert_strict_equals.ts": "b4f45f0fd2e54d9029171876bd0b42dd9ed0efd8f853ab92a3f50127acfa54f5",
    "https://deno.land/std@0.224.0/assert/assert_string_includes.ts": "496b9ecad84deab72c8718735373feb6cdaa071eb91a98206f6f3cb4285e71b8",
    "https://deno.land/std@0.224.0/assert/assert_throws.ts": "c6508b2879d465898dab2798009299867e67c570d7d34c90a2d235e4553906eb",
    "https://deno.land/std@0.224.0/assert/assertion_error.ts": "ba8752bd27ebc51f723702fac2f54d3e94447598f54264a6653d6413738a8917",
    "https://deno.land/std@0.224.0/assert/equal.ts": "bddf07bb5fc718e10bb72d5dc2c36c1ce5a8bdd3b647069b6319e07af181ac47",
    "https://deno.land/std@0.224.0/assert/fail.ts": "0eba674ffb47dff083f02ced76d5130460bff1a9a68c6514ebe0cdea4abadb68",
    "https://deno.land/std@0.224.0/assert/mod.ts": "48b8cb8a619ea0b7958ad7ee9376500fe902284bb36f0e32c598c3dc34cbd6f3",
    "https://deno.land/std@0.224.0/assert/unimplemented.ts": "8c55a5793e9147b4f1ef68cd66496b7d5ba7a9e7ca30c6da070c1a58da723d73",
    "https://deno.land/std@0.224.0/assert/unreachable.ts": "5ae3dbf63ef988615b93eb08d395dda771c96546565f9e521ed86f6510c29e19",
    "https://deno.land/std@0.224.0/fmt/colors.ts": "508563c0659dd7198ba4bbf87e97f654af3c34eb56ba790260f252ad8012e1c5",
    "https://deno.land/std@0.224.0/internal/diff.ts": "6234a4b493ebe65dc67a18a0eb97ef683626a1166a1906232ce186ae9f65f4e6",
    "https://deno.land/std@0.224.0/internal/format.ts": "0a98ee226fd3d43450245b1844b47003419d34d210fa989900861c79820d21c2",
    "https://deno.land/std@0.224.0/internal/mod.ts": "534125398c8e7426183e12dc255bb635d94e06d0f93c60a297723abe69d3b22e",
    "https://esm.sh/@supabase/auth-js@2.105.4/denonext/auth-js.mjs": "ff69bc872cbb2470390e5997a794a2cc41814666145610d46dc5151a4520cec7",
    "https://esm.sh/@supabase/functions-js@2.105.4/denonext/functions-js.mjs": "8f2223b4fe1b213fa5c1926767bc43cfedc13a3734cf49bf5e4a31ecd49b7cc9",
    "https://esm.sh/@supabase/phoenix@0.4.4/denonext/phoenix.mjs": "2c4954292d10fd9137d66a1b7abd73bf24f9771a444c3d4e267b12e1e2b132c8",
    "https://esm.sh/@supabase/phoenix@0.4.4?target=denonext": "36e0196b26b84019309be01736f487249204f361dd85b4c2a7a19b5f5e911069",
    "https://esm.sh/@supabase/postgrest-js@2.105.4/denonext/postgrest-js.mjs": "38eac18fd51eb1e065e0f0465fa26ac035f1f4e7c545cc2434d8829294093623",
    "https://esm.sh/@supabase/realtime-js@2.105.4/denonext/realtime-js.mjs": "931d767e9ae6f2f4c77fd08faea699720ff418748da39abc129d301bd88897b9",
    "https://esm.sh/@supabase/storage-js@2.105.4/denonext/storage-js.mjs": "5bcb6fa2cc47c5bbdd6a1ad30c5ff5445307f89fb93f3663acedad705b02296a",
    "https://esm.sh/@supabase/supabase-js@2.105.4": "92cda3ff3af2e241766bc1d53b87167b4d6376d43a0e2f31ddcd6d41a58d09f9",
    "https://esm.sh/@supabase/supabase-js@2.105.4/denonext/supabase-js.mjs": "f048c36d8971b6a89c2d277f3fdf7f2853ce6d0b9aadb5f6fbccbb67276353d8",
    "https://esm.sh/iceberg-js@0.8.1/denonext/iceberg-js.mjs": "d839d81a2e3966500ca2cdd0c1cb458e9608bacfc91f7bb67a69b2e878dcdb4f",
    "https://esm.sh/iceberg-js@0.8.1?target=denonext": "58c849d7fe2bf4eca4a84eb501e83c161a7d8c34ca1bec15a962b3bec3062633",
    "https://esm.sh/jose@5.9.6": "8c535558ee938997693933217d3f71cdbb97f968cc9b5385ab442664458aa576",
    "https://esm.sh/jose@5.9.6/denonext/base64url.mjs": "81c5fb3b7f7d60522c3ca871fe05eb1ce204edd735747d8db810464ddceca3e8",
    "https://esm.sh/jose@5.9.6/denonext/decode/protected_header.mjs": "085397879e97064288730577481dc55c030489214dddae8c3498bd9e57779d5c",
    "https://esm.sh/jose@5.9.6/denonext/dist/browser/jwt/produce.mjs": "879ef666c6e2ae4f9f7bfd50ffeb82888515d043e6e709a6a20e4936df0e12fc",
    "https://esm.sh/jose@5.9.6/denonext/dist/browser/lib/aesgcmkw.mjs": "6ae7ee4847d4ee99ada388e8536ebb1e5d05650b426bcd27bc27ab854dc53a1e",
    "https://esm.sh/jose@5.9.6/denonext/dist/browser/lib/buffer_utils.mjs": "7660307075231558b23fbd2becdd8f0c418a6f80358b7b8e98f7334f1cc30f4d",
    "https://esm.sh/jose@5.9.6/denonext/dist/browser/lib/cek.mjs": "f60f9030bd96b33961e88444afbbaf6483dd98c661c326d4c69fecf6e4bf50ca",
    "https://esm.sh/jose@5.9.6/denonext/dist/browser/lib/check_iv_length.mjs": "691050d1de1d1c37d385117dc03fe302e5409832bfc4ae72f25fd61426a5a49e",
    "https://esm.sh/jose@5.9.6/denonext/dist/browser/lib/check_key_type.mjs": "16c3aa5696ed6f00f2a60f41c1e12efbf3bc83910dffc3b40b00803d91543c79",
    "https://esm.sh/jose@5.9.6/denonext/dist/browser/lib/crypto_key.mjs": "be070668105d9df9beb82d826dbafa0768eba53be64531acca51bb74d14c4c3c",
    "https://esm.sh/jose@5.9.6/denonext/dist/browser/lib/encrypt_key_management.mjs": "f2e584f9fa3a7827f4dfefb3dcc55a14b3c9b589814d6625e6f77383231b1f97",
    "https://esm.sh/jose@5.9.6/denonext/dist/browser/lib/epoch.mjs": "887a895de2d150ba7b06d282e440b5567356c7e48ac33519326c9afdeec2fcd2",
    "https://esm.sh/jose@5.9.6/denonext/dist/browser/lib/invalid_key_input.mjs": "e183b1b250b86dbc95e27b854c0ba3e89d1f43b4aad613d1c550230f8f177c35",
    "https://esm.sh/jose@5.9.6/denonext/dist/browser/lib/is_disjoint.mjs": "50cde1ecded01c24a7c959fc397bb867e6187f5437fc349cebfbc4257261deec",
    "https://esm.sh/jose@5.9.6/denonext/dist/browser/lib/is_jwk.mjs": "46a8f006603a58d8fce7df23f9f81286eb21fb519e920fb4ce053efa4bd320fa",
    "https://esm.sh/jose@5.9.6/denonext/dist/browser/lib/is_object.mjs": "2d591426a5e6674f833576c7128659bcd1d8c61a431c55669e9744d9f3dde9cc",
    "https://esm.sh/jose@5.9.6/denonext/dist/browser/lib/iv.mjs": "d786034c707502b87ea76329975581233de6bb31347b4ef505c22a00da31d385",
    "https://esm.sh/jose@5.9.6/denonext/dist/browser/lib/jwt_claims_set.mjs": "8501cb5b85f7eadfa4960117187e2536e545f7204fd619148925d34e226f2728",
    "https://esm.sh/jose@5.9.6/denonext/dist/browser/lib/private_symbols.mjs": "3c646d1b482e34797d71693ad421490979b7f0e80e95aafa79a7075bc8fc9c35",
    "https://esm.sh/jose@5.9.6/denonext/dist/browser/lib/secs.mjs": "c198e175aae30c129a67aaa2f9bf11d6b356429b83646fda0e4b459272448434",
    "https://esm.sh/jose@5.9.6/denonext/dist/browser/lib/validate_algorithms.mjs": "4e87bab47e93209189404d13a00961cb0dbaf24ebba7c2cca6c080a6f4877fc5",
    "https://esm.sh/jose@5.9.6/denonext/dist/browser/lib/validate_crit.mjs": "f78a2ba351ec3b48b7fef78f9a90741e01fb63e720be7c163ca19b01926935ea",
    "https://esm.sh/jose@5.9.6/denonext/dist/browser/runtime/aeskw.mjs": "d1535bf354bc19f6ea966798b5dd9bb8c8cd4872b24396a17e4b51108cb3b835",
    "https://esm.sh/jose@5.9.6/denonext/dist/browser/runtime/asn1.mjs": "c10675338ca84dd1128a487d30baf5917d133eab4fee0b06dbb52c555caf1c8f",
    "https://esm.sh/jose@5.9.6/denonext/dist/browser/runtime/base64url.mjs": "ac675b146b1d673f70050caadcce37658848d5dfd1f810626df272e3a57cbb81",
    "https://esm.sh/jose@5.9.6/denonext/dist/browser/runtime/bogus.mjs": "4ab085df45b8107223ced9e6c901590ad1526403d5a037764dd07063613cff08",
    "https://esm.sh/jose@5.9.6/denonext/dist/browser/runtime/check_cek_length.mjs": "cfa31d9bfe85d3779b92121c3b2756ec18be75a801735d5cff3d6134ad766857",
    "https://esm.sh/jose@5.9.6/denonext/dist/browser/runtime/check_key_length.mjs": "b799f48fd69f6e09cf77ee2724909d916ae8a4ca105dc363dc3964bf79830d8a",
    "https://esm.sh/jose@5.9.6/denonext/dist/browser/runtime/decrypt.mjs": "7413075e48b7bbed96376bcd6dc5a8761e41b92ea54403a21359a48444b3393a",
    "https://esm.sh/jose@5.9.6/denonext/dist/browser/runtime/digest.mjs": "0c01af9b2cd3d265b4d7f174d257c16157d37f0f18271019aff889619dca0fc1",
    "https://esm.sh/jose@5.9.6/denonext/dist/browser/runtime/ecdhes.mjs": "ffad4dbf7b2ee66d285c69115351c9dd3f3821f6d749799e221437eb72e14317",
    "https://esm.sh/jose@5.9.6/denonext/dist/browser/runtime/encrypt.mjs": "35cae29236bfd46a4a005cf15f6c3b083bc35a18b1e35d3cdf8e0b35ac1dfda3",
    "https://esm.sh/jose@5.9.6/denonext/dist/browser/runtime/generate.mjs": "6ef74729c5ada77a73761d32956cea225f344926dceebe96cad895824ef1b9a2",
    "https://esm.sh/jose@5.9.6/denonext/dist/browser/runtime/get_sign_verify_key.mjs": "b7719a535a6afa9725ce190c05cd577add0696f5a279bccd4ec6a7a0b833f51f",
    "https://esm.sh/jose@5.9.6/denonext/dist/browser/runtime/is_key_like.mjs": "99253a44a75644c1a6b679ea9e2b88c2ba00687e9f34b8b67ee4c20697fbcacb",
    "https://esm.sh/jose@5.9.6/denonext/dist/browser/runtime/jwk_to_key.mjs": "92e1ee2c71b5935a77e50a0a50dbee2ebd6a60c8b0bc0968e95a9f5f31ec1fdd",
    "https://esm.sh/jose@5.9.6/denonext/dist/browser/runtime/normalize_key.mjs": "5a33836926088e38d7adab2f40a5d8aee44b82e706f88404a7216e6366ad98b7",
    "https://esm.sh/jose@5.9.6/denonext/dist/browser/runtime/pbes2kw.mjs": "46711e2cf488cb918ba91fefc6fb4550b769c5c1f01cf92075240d290d8c1513",
    "https://esm.sh/jose@5.9.6/denonext/dist/browser/runtime/random.mjs": "710faa089e3978ed303e207502c9219bb1940c50b86850613798772d02b2be55",
    "https://esm.sh/jose@5.9.6/denonext/dist/browser/runtime/rsaes.mjs": "5463bf0142707909df766f58d8042d2d9b90764e142968c998e52c14f04267c3",
    "https://esm.sh/jose@5.9.6/denonext/dist/browser/runtime/subtle_dsa.mjs": "756236b62b32002236ef0a173b3b92bed9cb23bf4fc42babac78615de5948717",
    "https://esm.sh/jose@5.9.6/denonext/dist/browser/runtime/webcrypto.mjs": "bfac989e7e1802e9e1acbc88f7422f68fb86406f6df2e4c84ddbc6d9f79c19d1",
    "https://esm.sh/jose@5.9.6/denonext/errors.mjs": "b0e7a1dc91a48602f2d806c3bb6185a4362d771a3a53736baeb66d688683aefa",
    "https://esm.sh/jose@5.9.6/denonext/jose.mjs": "89f58cbc53436365081aa471823b6d153ff9371a20c2aeabb47e2f7562f49de3",
    "https://esm.sh/jose@5.9.6/denonext/jwe/compact/decrypt.mjs": "832d9a582d049162092bd8fa3e9114e694e81fc75d046581e85eae3a03de3fde",
    "https://esm.sh/jose@5.9.6/denonext/jwe/compact/encrypt.mjs": "326cf7b90e7197260c65dc4e790e0033ccd4cdc9df07e91d81c88bffc9ed3b8a",
    "https://esm.sh/jose@5.9.6/denonext/jwe/flattened/decrypt.mjs": "23a9faf6e99bb3437769a34dcfc93aae8b52ec16bcfcd99d5c440dce38f49479",
    "https://esm.sh/jose@5.9.6/denonext/jwe/flattened/encrypt.mjs": "1e28974f3b08f27af8b21a47d21521ce1e1e6797265042e12225dfecebed3a4c",
    "https://esm.sh/jose@5.9.6/denonext/jwe/general/decrypt.mjs": "7f09bc273ae0e99fab8c070f0fd69decff361263460e9c885fb3a65e4a25a95f",
    "https://esm.sh/jose@5.9.6/denonext/jwe/general/encrypt.mjs": "3eb967b3599859b2d8523d6b67ec7ca0a8ff7a59c2cbdb45b6ea7698c030da03",
    "https://esm.sh/jose@5.9.6/denonext/jwk/embedded.mjs": "f36fd370b5e85f8fc037ce4f1df2fe7c99c314098265bad3baebdbbe0a2fc4b2",
    "https://esm.sh/jose@5.9.6/denonext/jwk/thumbprint.mjs": "8ac8bf5bf384c07990158cae80ab1bbc256c9c28817cbe047b06118c9279baa3",
    "https://esm.sh/jose@5.9.6/denonext/jwks/local.mjs": "018265af06b180aba95ed0d817e332d68ec9814ba65809e316e0f55744665a04",
    "https://esm.sh/jose@5.9.6/denonext/jwks/remote.mjs": "1acef6196961c0f488f3cf78a7bf55e67910ea69dcd5dbbff5e28556995c609d",
    "https://esm.sh/jose@5.9.6/denonext/jws/compact/sign.mjs": "b5e4b8efe882b5bd0868ec48690772a4f703fb4d52c63a973d85eefbcec1a722",
    "https://esm.sh/jose@5.9.6/denonext/jws/compact/verify.mjs": "323a220db2fce3a01e05fe91015069c66315b7261eddbc7b4d02d994963e2882",
    "https://esm.sh/jose@5.9.6/denonext/jws/flattened/sign.mjs": "19af56cd6d4d3485ee6fb777be6f226b7316c9f27c10068a1d97a873cc25874b",
    "https://esm.sh/jose@5.9.6/denonext/jws/flattened/verify.mjs": "1dee089b0d9fc42d97937faba809a05353c6f3569d325f530515495282e45b77",
    "https://esm.sh/jose@5.9.6/denonext/jws/general/sign.mjs": "9ce74aa629d0a6dfecbbbd76940ac44cce4f608ffec4edad7713d6edfc23a057",
    "https://esm.sh/jose@5.9.6/denonext/jws/general/verify.mjs": "5b3ab75a1958a97c5dd4958c5fd135ccf990c3623bef7369c2d672d37a67bd30",
    "https://esm.sh/jose@5.9.6/denonext/jwt/decode.mjs": "5b2510a196c0c65996bcb40cc72d10bb0bcc94bc7305ed86266356a7d1dd00e6",
    "https://esm.sh/jose@5.9.6/denonext/jwt/decrypt.mjs": "2796674011c61e17b90d846079cc42f5c023bfe87b96fd3bba2b37e8acde008f",
    "https://esm.sh/jose@5.9.6/denonext/jwt/encrypt.mjs": "9166ab3fc7243f80a6c3bc4ac02006fda12af618d2b260aad71e30a65130d70d",
    "https://esm.sh/jose@5.9.6/denonext/jwt/sign.mjs": "6206a048193e14122fccbf3321047a29051859acde4f30d845bdaceb7db7934d",
    "https://esm.sh/jose@5.9.6/denonext/jwt/unsecured.mjs": "d3454d433b5da22ab77e998b1ba1bf7b807710298df0d4f965d33a35bb2d8e94",
    "https://esm.sh/jose@5.9.6/denonext/jwt/verify.mjs": "cbcd6dbbbcdcb19d6087a36ca1e6a6519f2d4507d15a67e02a74ef725bc26cb8",
    "https://esm.sh/jose@5.9.6/denonext/key/export.mjs": "2ba61dbc7920da97cafd3d456f69c010c79b5dc2f2f9d9a0cded2afa0a1770c2",
    "https://esm.sh/jose@5.9.6/denonext/key/generate/keypair.mjs": "9c5a4af038be9fadecb48c4532932f4c13f909abbbe7d594d07723f091ab501f",
    "https://esm.sh/jose@5.9.6/denonext/key/generate/secret.mjs": "33adb6ed0cc5c6c13a82b040d69da17546b49ca51e5708fac6d3e15c6a3b8f31",
    "https://esm.sh/jose@5.9.6/denonext/key/import.mjs": "048bd8c1d193193e2f90f059a3815b0a31348bd295fb075779cf3b90bf51e641",
    "https://esm.sh/tslib@2.8.1/denonext/tslib.mjs": "c38da5dd6da6281964435002ce204cd586634fe3bdfb24a0ee116f48cf3292e9",
    "https://esm.sh/zod@3.23.8": "15e60c792ac21d4818f181671c7c74bf33bf7526d487dc524911e42785d8b5c2",
    "https://esm.sh/zod@3.23.8/denonext/zod.mjs": "6ee0474ec5a765b112eca12525d7e30c8e77eedbe2f2ac5e19f2af468b759517"
  },
  "workspace": {
    "dependencies": [
      "jsr:@std/assert@1"
    ]
  }
}
